
Microsoft Visual Studio Solution File, Format Version 12.00
# Visual Studio Version 17
VisualStudioVersion = 17.0.31903.59
MinimumVisualStudioVersion = 10.0.40219.1
Project("{FAE04EC0-301F-11D3-BF4B-00C04F79EFBC}") = "RasputinTMFaSessionService", "RasputinTMFaSessionService\RasputinTMFaSessionService.csproj", "{1574E694-83B6-4E30-B342-A59D0E58A10B}"
EndProject
Project("{2150E333-8FDC-42A3-9474-1A3956D46DE8}") = "Solution Items", "Solution Items", "{CE212346-2851-4A15-97F3-85ADF83F3BA5}"
	ProjectSection(SolutionItems) = preProject
		.github\workflows\buildanddeploy.yaml = .github\workflows\buildanddeploy.yaml
	EndProjectSection
EndProject
Project("{FAE04EC0-301F-11D3-BF4B-00C04F79EFBC}") = "RasputinTMFaSessionServiceTests", "RasputinTMFaSessionServiceTests\RasputinTMFaSessionServiceTests.csproj", "{0CE5E395-CAA4-48EE-8168-471FD7D96B38}"
EndProject
Global
	GlobalSection(SolutionConfigurationPlatforms) = preSolution
		Debug|Any CPU = Debug|Any CPU
		Release|Any CPU = Release|Any CPU
	EndGlobalSection
	GlobalSection(ProjectConfigurationPlatforms) = postSolution
		{1574E694-83B6-4E30-B342-A59D0E58A10B}.Debug|Any CPU.ActiveCfg = Debug|Any CPU
		{1574E694-83B6-4E30-B342-A59D0E58A10B}.Debug|Any CPU.Build.0 = Debug|Any CPU
		{1574E694-83B6-4E30-B342-A59D0E58A10B}.Release|Any CPU.ActiveCfg = Release|Any CPU
		{1574E694-83B6-4E30-B342-A59D0E58A10B}.Release|Any CPU.Build.0 = Release|Any CPU
		{0CE5E395-CAA4-48EE-8168-471FD7D96B38}.Debug|Any CPU.ActiveCfg = Debug|Any CPU
		{0CE5E395-CAA4-48EE-8168-471FD7D96B38}.Debug|Any CPU.Build.0 = Debug|Any CPU
		{0CE5E395-CAA4-48EE-8168-471FD7D96B38}.Release|Any CPU.ActiveCfg = Release|Any CPU
		{0CE5E395-CAA4-48EE-8168-471FD7D96B38}.Release|Any CPU.Build.0 = Release|Any CPU
	EndGlobalSection
	GlobalSection(SolutionProperties) = preSolution
		HideSolutionNode = FALSE
	EndGlobalSection
	GlobalSection(ExtensibilityGlobals) = postSolution
		SolutionGuid = {64784827-F4E7-42D3-AC87-510472A2A068}
	EndGlobalSection
EndGlobal
